<?xml version="1.0" encoding="utf-8"?>
<Project ToolsVersion="4.0" xmlns="http://schemas.microsoft.com/developer/msbuild/2003">
  <ItemGroup>
    <Filter Include="Source Files">
      <UniqueIdentifier>{4FC737F1-C7A5-4376-A066-2A32D752A2FF}</UniqueIdentifier>
      <Extensions>cpp;c;cc;cxx;c++;cppm;ixx;def;odl;idl;hpj;bat;asm;asmx</Extensions>
    </Filter>
    <Filter Include="Header Files">
      <UniqueIdentifier>{93995380-89BD-4b04-88EB-625FBE52EBFB}</UniqueIdentifier>
      <Extensions>h;hh;hpp;hxx;h++;hm;inl;inc;ipp;xsd</Extensions>
    </Filter>
    <Filter Include="Resource Files">
      <UniqueIdentifier>{67DA6AB6-F800-4c08-8B7A-83BB121AAD01}</UniqueIdentifier>
      <Extensions>rc;ico;cur;bmp;dlg;rc2;rct;bin;rgs;gif;jpg;jpeg;jpe;resx;tiff;tif;png;wav;mfcribbon-ms</Extensions>
    </Filter>
    <Filter Include="Source Files\Images">
      <UniqueIdentifier>{7e44c341-05e3-419a-8d53-f2e7ed86e9ac}</UniqueIdentifier>
    </Filter>
    <Filter Include="Source Files\GameObjects">
      <UniqueIdentifier>{d1c546c0-f886-4b87-bd0f-50400cda4066}</UniqueIdentifier>
    </Filter>
    <Filter Include="Header Files\GameObjects">
      <UniqueIdentifier>{887ff4b6-85ff-4843-9586-652a4db2e44b}</UniqueIdentifier>
    </Filter>
    <Filter Include="Source Files\States">
      <UniqueIdentifier>{df97a898-06b8-4798-b798-e9fedb4e6ffd}</UniqueIdentifier>
    </Filter>
    <Filter Include="Source Files\States\MenuStates">
      <UniqueIdentifier>{f7bc2fe5-7622-40ce-9665-0861f150d0dd}</UniqueIdentifier>
    </Filter>
    <Filter Include="Source Files\Graphics">
      <UniqueIdentifier>{ef955b9c-74aa-4851-821b-b2b33c32227a}</UniqueIdentifier>
    </Filter>
    <Filter Include="Header Files\Graphics">
      <UniqueIdentifier>{94641f78-dc68-4f51-af23-cfe043f66301}</UniqueIdentifier>
    </Filter>
    <Filter Include="Source Files\Scenes">
      <UniqueIdentifier>{30c2c80c-c422-453c-8003-b4911016e250}</UniqueIdentifier>
    </Filter>
    <Filter Include="Header Files\Scenes">
      <UniqueIdentifier>{30902cd8-9a87-4725-af51-47d2b40061be}</UniqueIdentifier>
    </Filter>
    <Filter Include="Header Files\States">
      <UniqueIdentifier>{f101dbd9-6e17-4583-af83-f79a7b59428b}</UniqueIdentifier>
    </Filter>
    <Filter Include="Header Files\States\MenuStates">
      <UniqueIdentifier>{e61481eb-1ebf-4a62-aa2e-b3a46f254742}</UniqueIdentifier>
    </Filter>
    <Filter Include="Source Files\Input">
      <UniqueIdentifier>{0feedeba-61f1-4186-9a54-c2ed244100ff}</UniqueIdentifier>
    </Filter>
    <Filter Include="Header Files\Input">
      <UniqueIdentifier>{522b8807-eac5-41c2-ad4b-f63f8eabaff5}</UniqueIdentifier>
    </Filter>
    <Filter Include="Header Files\States\GameStates">
      <UniqueIdentifier>{81f82137-3062-4b7b-9955-860525a79715}</UniqueIdentifier>
    </Filter>
    <Filter Include="Source Files\States\GameStates">
      <UniqueIdentifier>{912fcfa0-13e3-488b-be23-76ca8785225a}</UniqueIdentifier>
    </Filter>
  </ItemGroup>
  <ItemGroup>
    <ClCompile Include="chess-main.cpp">
      <Filter>Source Files</Filter>
    </ClCompile>
    <ClCompile Include="Window.cpp">
      <Filter>Source Files</Filter>
    </ClCompile>
    <ClCompile Include="SDLfunc.cpp">
      <Filter>Source Files</Filter>
    </ClCompile>
    <ClCompile Include="EventManager.cpp">
      <Filter>Source Files</Filter>
    </ClCompile>
    <ClCompile Include="GameContext.cpp">
      <Filter>Source Files</Filter>
    </ClCompile>
    <ClCompile Include="ServiceLocator.cpp">
      <Filter>Source Files</Filter>
    </ClCompile>
    <ClCompile Include="Button.cpp">
      <Filter>Source Files\GameObjects</Filter>
    </ClCompile>
    <ClCompile Include="Decoration.cpp">
      <Filter>Source Files\GameObjects</Filter>
    </ClCompile>
    <ClCompile Include="GameObject.cpp">
      <Filter>Source Files\GameObjects</Filter>
    </ClCompile>
    <ClCompile Include="IMenuState.cpp">
      <Filter>Source Files\States\MenuStates</Filter>
    </ClCompile>
    <ClCompile Include="InactiveMenuState.cpp">
      <Filter>Source Files\States\MenuStates</Filter>
    </ClCompile>
    <ClCompile Include="InEscMenuState.cpp">
      <Filter>Source Files\States\MenuStates</Filter>
    </ClCompile>
    <ClCompile Include="InExitConfirmState.cpp">
      <Filter>Source Files\States\MenuStates</Filter>
    </ClCompile>
    <ClCompile Include="InResoMenuState.cpp">
      <Filter>Source Files\States\MenuStates</Filter>
    </ClCompile>
    <ClCompile Include="NullGraphicsService.cpp">
      <Filter>Source Files\Graphics</Filter>
    </ClCompile>
    <ClCompile Include="GraphicsService.cpp">
      <Filter>Source Files\Graphics</Filter>
    </ClCompile>
    <ClCompile Include="GraphicsComponent.cpp">
      <Filter>Source Files\Graphics</Filter>
    </ClCompile>
    <ClCompile Include="IDrawable.cpp">
      <Filter>Source Files\Graphics</Filter>
    </ClCompile>
    <ClCompile Include="Renderer.cpp">
      <Filter>Source Files\Graphics</Filter>
    </ClCompile>
    <ClCompile Include="Texture.cpp">
      <Filter>Source Files\Graphics</Filter>
    </ClCompile>
    <ClCompile Include="SceneEscMenu.cpp">
      <Filter>Source Files\Scenes</Filter>
    </ClCompile>
    <ClCompile Include="Scene.cpp">
      <Filter>Source Files\Scenes</Filter>
    </ClCompile>
    <ClCompile Include="InputComponent.cpp">
      <Filter>Source Files\Input</Filter>
    </ClCompile>
    <ClCompile Include="PlayerInputComponent.cpp">
      <Filter>Source Files\Input</Filter>
    </ClCompile>
    <ClCompile Include="ButtonInputComponent.cpp">
      <Filter>Source Files\Input</Filter>
    </ClCompile>
    <ClCompile Include="IGameState.cpp">
      <Filter>Source Files\States\GameStates</Filter>
    </ClCompile>
    <ClCompile Include="IdleGameState.cpp">
      <Filter>Source Files\States\GameStates</Filter>
    </ClCompile>
    <ClCompile Include="InMenuGameState.cpp">
      <Filter>Source Files\States\GameStates</Filter>
    </ClCompile>
    <ClCompile Include="GameStateMachine.cpp">
      <Filter>Source Files\States\GameStates</Filter>
    </ClCompile>
  </ItemGroup>
  <ItemGroup>
    <ClInclude Include="Window.h">
      <Filter>Header Files</Filter>
    </ClInclude>
    <ClInclude Include="SDLfunc.h">
      <Filter>Header Files</Filter>
    </ClInclude>
    <ClInclude Include="EventManager.h">
      <Filter>Header Files</Filter>
    </ClInclude>
    <ClInclude Include="GameContext.h">
      <Filter>Header Files</Filter>
    </ClInclude>
    <ClInclude Include="ServiceLocator.h">
      <Filter>Header Files</Filter>
    </ClInclude>
    <ClInclude Include="Button.h">
      <Filter>Header Files\GameObjects</Filter>
    </ClInclude>
    <ClInclude Include="Decoration.h">
      <Filter>Header Files\GameObjects</Filter>
    </ClInclude>
    <ClInclude Include="GameObject.h">
      <Filter>Header Files\GameObjects</Filter>
    </ClInclude>
    <ClInclude Include="IMenuState.h">
      <Filter>Header Files\States\MenuStates</Filter>
    </ClInclude>
    <ClInclude Include="InactiveMenuState.h">
      <Filter>Header Files\States\MenuStates</Filter>
    </ClInclude>
    <ClInclude Include="InEscMenuState.h">
      <Filter>Header Files\States\MenuStates</Filter>
    </ClInclude>
    <ClInclude Include="InExitConfirmState.h">
      <Filter>Header Files\States\MenuStates</Filter>
    </ClInclude>
    <ClInclude Include="InResoMenuState.h">
      <Filter>Header Files\States\MenuStates</Filter>
    </ClInclude>
    <ClInclude Include="GraphicsComponent.h">
      <Filter>Header Files\Graphics</Filter>
    </ClInclude>
    <ClInclude Include="GraphicsService.h">
      <Filter>Header Files\Graphics</Filter>
    </ClInclude>
    <ClInclude Include="IDrawable.h">
      <Filter>Header Files\Graphics</Filter>
    </ClInclude>
    <ClInclude Include="NullGraphicsService.h">
      <Filter>Header Files\Graphics</Filter>
    </ClInclude>
    <ClInclude Include="Renderer.h">
      <Filter>Header Files\Graphics</Filter>
    </ClInclude>
    <ClInclude Include="Texture.h">
      <Filter>Header Files\Graphics</Filter>
    </ClInclude>
    <ClInclude Include="Scene.h">
      <Filter>Header Files\Scenes</Filter>
    </ClInclude>
    <ClInclude Include="SceneEscMenu.h">
      <Filter>Header Files\Scenes</Filter>
    </ClInclude>
    <ClInclude Include="IGraphics.h">
      <Filter>Header Files\Graphics</Filter>
    </ClInclude>
    <ClInclude Include="InputComponent.h">
      <Filter>Header Files\Input</Filter>
    </ClInclude>
    <ClInclude Include="PlayerInputComponent.h">
      <Filter>Header Files\Input</Filter>
    </ClInclude>
    <ClInclude Include="ButtonInputComponent.h">
      <Filter>Header Files\Input</Filter>
    </ClInclude>
    <ClInclude Include="IGameState.h">
      <Filter>Header Files\States\GameStates</Filter>
    </ClInclude>
    <ClInclude Include="IdleGameState.h">
      <Filter>Header Files\States\GameStates</Filter>
    </ClInclude>
    <ClInclude Include="InMenuGameState.h">
      <Filter>Header Files\States\GameStates</Filter>
    </ClInclude>
    <ClInclude Include="GameStateMachine.h">
      <Filter>Header Files\States\GameStates</Filter>
    </ClInclude>
  </ItemGroup>
  <ItemGroup>
    <Image Include="images\esc-menu_1024.png">
      <Filter>Source Files\Images</Filter>
    </Image>
    <Image Include="images\esc-menu_1920.png">
      <Filter>Source Files\Images</Filter>
    </Image>
    <Image Include="images\esc-menu_bg-esc-menu.png">
      <Filter>Source Files\Images</Filter>
    </Image>
    <Image Include="images\esc-menu_button-back.png">
      <Filter>Source Files\Images</Filter>
    </Image>
    <Image Include="images\esc-menu_button-exit.png">
      <Filter>Source Files\Images</Filter>
    </Image>
    <Image Include="images\esc-menu_button-options.png">
      <Filter>Source Files\Images</Filter>
    </Image>
    <Image Include="images\esc-menu_button-resolution.png">
      <Filter>Source Files\Images</Filter>
    </Image>
    <Image Include="images\chessboard.png">
      <Filter>Source Files\Images</Filter>
    </Image>
    <Image Include="images\esc-menu_bg-resolution-menu.png">
      <Filter>Source Files\Images</Filter>
    </Image>
    <Image Include="images\exit-confirm-menu_button-no.png">
      <Filter>Source Files\Images</Filter>
    </Image>
    <Image Include="images\exit-confirm-menu_button-yes.png">
      <Filter>Source Files\Images</Filter>
    </Image>
    <Image Include="images\exit-confirm-menu_ConfirmExitBG.png">
      <Filter>Source Files\Images</Filter>
    </Image>
  </ItemGroup>
  <ItemGroup>
    <None Include="ClassDiagram.cd" />
  </ItemGroup>
</Project>